
Microsoft Visual Studio Solution File, Format Version 12.00
# Visual Studio Version 17
VisualStudioVersion = 17.12.35527.113
MinimumVisualStudioVersion = 10.0.40219.1
Project("{FAE04EC0-301F-11D3-BF4B-00C04F79EFBC}") = "MyLog.Client.Razor", "Client\MyLog.Client.Razor\MyLog.Client.Razor.csproj", "{F984607A-40DB-4033-B8FF-FB812D7B3371}"
EndProject
Project("{FAE04EC0-301F-11D3-BF4B-00C04F79EFBC}") = "MyLog.Services.Api", "Services\MyLog.Services.Api\MyLog.Services.Api.csproj", "{2ED02445-AE22-4BCE-8039-63FF452B60B1}"
EndProject
Project("{2150E333-8FDC-42A3-9474-1A3956D46DE8}") = "Data", "Data", "{75FC435A-0269-4E3F-B83D-910518840B1C}"
EndProject
Project("{2150E333-8FDC-42A3-9474-1A3956D46DE8}") = "Client", "Client", "{35991B55-518C-4BEC-B3AE-1EF69D21EB88}"
EndProject
Project("{2150E333-8FDC-42A3-9474-1A3956D46DE8}") = "Services", "Services", "{F65B1986-2C71-43F1-A466-CAFC01F3CAB2}"
EndProject
Project("{FAE04EC0-301F-11D3-BF4B-00C04F79EFBC}") = "MyLog.Data.Models", "Data\MyLog.Data.Models\MyLog.Data.Models.csproj", "{BF23DBF4-B0BC-4B5A-9810-4E14A5EE7F87}"
EndProject
Project("{2150E333-8FDC-42A3-9474-1A3956D46DE8}") = "Core", "Core", "{FD20CB6F-C515-4B69-8FE4-5BDFDE570706}"
EndProject
Project("{FAE04EC0-301F-11D3-BF4B-00C04F79EFBC}") = "MyLog.Core.Logic", "Core\MyLog.Core.Logic\MyLog.Core.Logic.csproj", "{BE1189E2-2332-4306-B0CE-AEB181FA8665}"
EndProject
Project("{FAE04EC0-301F-11D3-BF4B-00C04F79EFBC}") = "MyLog.Data.DataAccess", "Data\MyLog.Data.DataAccess\MyLog.Data.DataAccess.csproj", "{EF18115C-1167-493D-8461-3DCB3B3FAE3F}"
EndProject
Project("{2150E333-8FDC-42A3-9474-1A3956D46DE8}") = "Solution Items", "Solution Items", "{FFB2D178-2B8A-480F-B471-FBF29F580CE1}"
	ProjectSection(SolutionItems) = preProject
		.editorconfig = .editorconfig
		directory.build.props = directory.build.props
		Automigrate.ps1 = Automigrate.ps1
	EndProjectSection
EndProject
Global
	GlobalSection(SolutionConfigurationPlatforms) = preSolution
		Debug|Any CPU = Debug|Any CPU
		Release|Any CPU = Release|Any CPU
	EndGlobalSection
	GlobalSection(ProjectConfigurationPlatforms) = postSolution
		{F984607A-40DB-4033-B8FF-FB812D7B3371}.Debug|Any CPU.ActiveCfg = Debug|Any CPU
		{F984607A-40DB-4033-B8FF-FB812D7B3371}.Debug|Any CPU.Build.0 = Debug|Any CPU
		{F984607A-40DB-4033-B8FF-FB812D7B3371}.Release|Any CPU.ActiveCfg = Release|Any CPU
		{F984607A-40DB-4033-B8FF-FB812D7B3371}.Release|Any CPU.Build.0 = Release|Any CPU
		{2ED02445-AE22-4BCE-8039-63FF452B60B1}.Debug|Any CPU.ActiveCfg = Debug|Any CPU
		{2ED02445-AE22-4BCE-8039-63FF452B60B1}.Debug|Any CPU.Build.0 = Debug|Any CPU
		{2ED02445-AE22-4BCE-8039-63FF452B60B1}.Release|Any CPU.ActiveCfg = Release|Any CPU
		{2ED02445-AE22-4BCE-8039-63FF452B60B1}.Release|Any CPU.Build.0 = Release|Any CPU
		{BF23DBF4-B0BC-4B5A-9810-4E14A5EE7F87}.Debug|Any CPU.ActiveCfg = Debug|Any CPU
		{BF23DBF4-B0BC-4B5A-9810-4E14A5EE7F87}.Debug|Any CPU.Build.0 = Debug|Any CPU
		{BF23DBF4-B0BC-4B5A-9810-4E14A5EE7F87}.Release|Any CPU.ActiveCfg = Release|Any CPU
		{BF23DBF4-B0BC-4B5A-9810-4E14A5EE7F87}.Release|Any CPU.Build.0 = Release|Any CPU
		{BE1189E2-2332-4306-B0CE-AEB181FA8665}.Debug|Any CPU.ActiveCfg = Debug|Any CPU
		{BE1189E2-2332-4306-B0CE-AEB181FA8665}.Debug|Any CPU.Build.0 = Debug|Any CPU
		{BE1189E2-2332-4306-B0CE-AEB181FA8665}.Release|Any CPU.ActiveCfg = Release|Any CPU
		{BE1189E2-2332-4306-B0CE-AEB181FA8665}.Release|Any CPU.Build.0 = Release|Any CPU
		{EF18115C-1167-493D-8461-3DCB3B3FAE3F}.Debug|Any CPU.ActiveCfg = Debug|Any CPU
		{EF18115C-1167-493D-8461-3DCB3B3FAE3F}.Debug|Any CPU.Build.0 = Debug|Any CPU
		{EF18115C-1167-493D-8461-3DCB3B3FAE3F}.Release|Any CPU.ActiveCfg = Release|Any CPU
		{EF18115C-1167-493D-8461-3DCB3B3FAE3F}.Release|Any CPU.Build.0 = Release|Any CPU
	EndGlobalSection
	GlobalSection(SolutionProperties) = preSolution
		HideSolutionNode = FALSE
	EndGlobalSection
	GlobalSection(NestedProjects) = preSolution
		{F984607A-40DB-4033-B8FF-FB812D7B3371} = {35991B55-518C-4BEC-B3AE-1EF69D21EB88}
		{2ED02445-AE22-4BCE-8039-63FF452B60B1} = {F65B1986-2C71-43F1-A466-CAFC01F3CAB2}
		{BF23DBF4-B0BC-4B5A-9810-4E14A5EE7F87} = {75FC435A-0269-4E3F-B83D-910518840B1C}
		{BE1189E2-2332-4306-B0CE-AEB181FA8665} = {FD20CB6F-C515-4B69-8FE4-5BDFDE570706}
		{EF18115C-1167-493D-8461-3DCB3B3FAE3F} = {75FC435A-0269-4E3F-B83D-910518840B1C}
	EndGlobalSection
EndGlobal
